// !$*UTF8*$!
{
	archiveVersion = 1;
	classes = {
	};
	objectVersion = 50;
	objects = {

/* Begin PBXBuildFile section */
		3E0E35DE23F6CCB5008BD114 /* AppDelegate.swift in Sources */ = {isa = PBXBuildFile; fileRef = 3E0E35DD23F6CCB5008BD114 /* AppDelegate.swift */; };
		3E0E35E023F6CCB5008BD114 /* ViewController.swift in Sources */ = {isa = PBXBuildFile; fileRef = 3E0E35DF23F6CCB5008BD114 /* ViewController.swift */; };
		3E0E35E323F6CCB5008BD114 /* Main.storyboard in Resources */ = {isa = PBXBuildFile; fileRef = 3E0E35E123F6CCB5008BD114 /* Main.storyboard */; };
		3E0E35E523F6CCB7008BD114 /* Assets.xcassets in Resources */ = {isa = PBXBuildFile; fileRef = 3E0E35E423F6CCB7008BD114 /* Assets.xcassets */; };
		3E0E35E823F6CCB7008BD114 /* LaunchScreen.storyboard in Resources */ = {isa = PBXBuildFile; fileRef = 3E0E35E623F6CCB7008BD114 /* LaunchScreen.storyboard */; };
		3E0E35F323F6CCB8008BD114 /* ToDoAppTests.swift in Sources */ = {isa = PBXBuildFile; fileRef = 3E0E35F223F6CCB8008BD114 /* ToDoAppTests.swift */; };
		3E0E35FE23F6CCB8008BD114 /* ToDoAppUITests.swift in Sources */ = {isa = PBXBuildFile; fileRef = 3E0E35FD23F6CCB8008BD114 /* ToDoAppUITests.swift */; };
		3EA6ABDB23FC44600044F848 /* MyToDo.swift in Sources */ = {isa = PBXBuildFile; fileRef = 3EA6ABDA23FC44600044F848 /* MyToDo.swift */; };
/* End PBXBuildFile section */

/* Begin PBXContainerItemProxy section */
		3E0E35EF23F6CCB8008BD114 /* PBXContainerItemProxy */ = {
			isa = PBXContainerItemProxy;
			containerPortal = 3E0E35D223F6CCB5008BD114 /* Project object */;
			proxyType = 1;
			remoteGlobalIDString = 3E0E35D923F6CCB5008BD114;
			remoteInfo = ToDoApp;
		};
		3E0E35FA23F6CCB8008BD114 /* PBXContainerItemProxy */ = {
			isa = PBXContainerItemProxy;
			containerPortal = 3E0E35D223F6CCB5008BD114 /* Project object */;
			proxyType = 1;
			remoteGlobalIDString = 3E0E35D923F6CCB5008BD114;
			remoteInfo = ToDoApp;
		};
/* End PBXContainerItemProxy section */

/* Begin PBXFileReference section */
		3E0E35DA23F6CCB5008BD114 /* ToDoApp.app */ = {isa = PBXFileReference; explicitFileType = wrapper.application; includeInIndex = 0; path = ToDoApp.app; sourceTree = BUILT_PRODUCTS_DIR; };
		3E0E35DD23F6CCB5008BD114 /* AppDelegate.swift */ = {isa = PBXFileReference; lastKnownFileType = sourcecode.swift; path = AppDelegate.swift; sourceTree = "<group>"; };
		3E0E35DF23F6CCB5008BD114 /* ViewController.swift */ = {isa = PBXFileReference; lastKnownFileType = sourcecode.swift; path = ViewController.swift; sourceTree = "<group>"; };
		3E0E35E223F6CCB5008BD114 /* Base */ = {isa = PBXFileReference; lastKnownFileType = file.storyboard; name = Base; path = Base.lproj/Main.storyboard; sourceTree = "<group>"; };
		3E0E35E423F6CCB7008BD114 /* Assets.xcassets */ = {isa = PBXFileReference; lastKnownFileType = folder.assetcatalog; path = Assets.xcassets; sourceTree = "<group>"; };
		3E0E35E723F6CCB7008BD114 /* Base */ = {isa = PBXFileReference; lastKnownFileType = file.storyboard; name = Base; path = Base.lproj/LaunchScreen.storyboard; sourceTree = "<group>"; };
		3E0E35E923F6CCB7008BD114 /* Info.plist */ = {isa = PBXFileReference; lastKnownFileType = text.plist.xml; path = Info.plist; sourceTree = "<group>"; };
		3E0E35EE23F6CCB8008BD114 /* ToDoAppTests.xctest */ = {isa = PBXFileReference; explicitFileType = wrapper.cfbundle; includeInIndex = 0; path = ToDoAppTests.xctest; sourceTree = BUILT_PRODUCTS_DIR; };
		3E0E35F223F6CCB8008BD114 /* ToDoAppTests.swift */ = {isa = PBXFileReference; lastKnownFileType = sourcecode.swift; path = ToDoAppTests.swift; sourceTree = "<group>"; };
		3E0E35F423F6CCB8008BD114 /* Info.plist */ = {isa = PBXFileReference; lastKnownFileType = text.plist.xml; path = Info.plist; sourceTree = "<group>"; };
		3E0E35F923F6CCB8008BD114 /* ToDoAppUITests.xctest */ = {isa = PBXFileReference; explicitFileType = wrapper.cfbundle; includeInIndex = 0; path = ToDoAppUITests.xctest; sourceTree = BUILT_PRODUCTS_DIR; };
		3E0E35FD23F6CCB8008BD114 /* ToDoAppUITests.swift */ = {isa = PBXFileReference; lastKnownFileType = sourcecode.swift; path = ToDoAppUITests.swift; sourceTree = "<group>"; };
		3E0E35FF23F6CCB8008BD114 /* Info.plist */ = {isa = PBXFileReference; lastKnownFileType = text.plist.xml; path = Info.plist; sourceTree = "<group>"; };
		3EA6ABDA23FC44600044F848 /* MyToDo.swift */ = {isa = PBXFileReference; lastKnownFileType = sourcecode.swift; path = MyToDo.swift; sourceTree = "<group>"; };
/* End PBXFileReference section */

/* Begin PBXFrameworksBuildPhase section */
		3E0E35D723F6CCB5008BD114 /* Frameworks */ = {
			isa = PBXFrameworksBuildPhase;
			buildActionMask = 2147483647;
			files = (
			);
			runOnlyForDeploymentPostprocessing = 0;
		};
		3E0E35EB23F6CCB8008BD114 /* Frameworks */ = {
			isa = PBXFrameworksBuildPhase;
			buildActionMask = 2147483647;
			files = (
			);
			runOnlyForDeploymentPostprocessing = 0;
		};
		3E0E35F623F6CCB8008BD114 /* Frameworks */ = {
			isa = PBXFrameworksBuildPhase;
			buildActionMask = 2147483647;
			files = (
			);
			runOnlyForDeploymentPostprocessing = 0;
		};
/* End PBXFrameworksBuildPhase section */

/* Begin PBXGroup section */
		3E0E35D123F6CCB5008BD114 = {
			isa = PBXGroup;
			children = (
				3E0E35DC23F6CCB5008BD114 /* ToDoApp */,
				3E0E35F123F6CCB8008BD114 /* ToDoAppTests */,
				3E0E35FC23F6CCB8008BD114 /* ToDoAppUITests */,
				3E0E35DB23F6CCB5008BD114 /* Products */,
			);
			sourceTree = "<group>";
		};
		3E0E35DB23F6CCB5008BD114 /* Products */ = {
			isa = PBXGroup;
			children = (
				3E0E35DA23F6CCB5008BD114 /* ToDoApp.app */,
				3E0E35EE23F6CCB8008BD114 /* ToDoAppTests.xctest */,
				3E0E35F923F6CCB8008BD114 /* ToDoAppUITests.xctest */,
			);
			name = Products;
			sourceTree = "<group>";
		};
		3E0E35DC23F6CCB5008BD114 /* ToDoApp */ = {
			isa = PBXGroup;
			children = (
				3E0E35DD23F6CCB5008BD114 /* AppDelegate.swift */,
				3E0E35DF23F6CCB5008BD114 /* ViewController.swift */,
				3E0E35E123F6CCB5008BD114 /* Main.storyboard */,
				3E0E35E423F6CCB7008BD114 /* Assets.xcassets */,
				3E0E35E623F6CCB7008BD114 /* LaunchScreen.storyboard */,
				3E0E35E923F6CCB7008BD114 /* Info.plist */,
				3EA6ABDA23FC44600044F848 /* MyToDo.swift */,
			);
			path = ToDoApp;
			sourceTree = "<group>";
		};
		3E0E35F123F6CCB8008BD114 /* ToDoAppTests */ = {
			isa = PBXGroup;
			children = (
				3E0E35F223F6CCB8008BD114 /* ToDoAppTests.swift */,
				3E0E35F423F6CCB8008BD114 /* Info.plist */,
			);
			path = ToDoAppTests;
			sourceTree = "<group>";
		};
		3E0E35FC23F6CCB8008BD114 /* ToDoAppUITests */ = {
			isa = PBXGroup;
			children = (
				3E0E35FD23F6CCB8008BD114 /* ToDoAppUITests.swift */,
				3E0E35FF23F6CCB8008BD114 /* Info.plist */,
			);
			path = ToDoAppUITests;
			sourceTree = "<group>";
		};
/* End PBXGroup section */

/* Begin PBXNativeTarget section */
		3E0E35D923F6CCB5008BD114 /* ToDoApp */ = {
			isa = PBXNativeTarget;
			buildConfigurationList = 3E0E360223F6CCB8008BD114 /* Build configuration list for PBXNativeTarget "ToDoApp" */;
			buildPhases = (
				3E0E35D623F6CCB5008BD114 /* Sources */,
				3E0E35D723F6CCB5008BD114 /* Frameworks */,
				3E0E35D823F6CCB5008BD114 /* Resources */,
			);
			buildRules = (
			);
			dependencies = (
			);
			name = ToDoApp;
			productName = ToDoApp;
			productReference = 3E0E35DA23F6CCB5008BD114 /* ToDoApp.app */;
			productType = "com.apple.product-type.application";
		};
		3E0E35ED23F6CCB8008BD114 /* ToDoAppTests */ = {
			isa = PBXNativeTarget;
			buildConfigurationList = 3E0E360523F6CCB8008BD114 /* Build configuration list for PBXNativeTarget "ToDoAppTests" */;
			buildPhases = (
				3E0E35EA23F6CCB8008BD114 /* Sources */,
				3E0E35EB23F6CCB8008BD114 /* Frameworks */,
				3E0E35EC23F6CCB8008BD114 /* Resources */,
			);
			buildRules = (
			);
			dependencies = (
				3E0E35F023F6CCB8008BD114 /* PBXTargetDependency */,
			);
			name = ToDoAppTests;
			productName = ToDoAppTests;
			productReference = 3E0E35EE23F6CCB8008BD114 /* ToDoAppTests.xctest */;
			productType = "com.apple.product-type.bundle.unit-test";
		};
		3E0E35F823F6CCB8008BD114 /* ToDoAppUITests */ = {
			isa = PBXNativeTarget;
			buildConfigurationList = 3E0E360823F6CCB8008BD114 /* Build configuration list for PBXNativeTarget "ToDoAppUITests" */;
			buildPhases = (
				3E0E35F523F6CCB8008BD114 /* Sources */,
				3E0E35F623F6CCB8008BD114 /* Frameworks */,
				3E0E35F723F6CCB8008BD114 /* Resources */,
			);
			buildRules = (
			);
			dependencies = (
				3E0E35FB23F6CCB8008BD114 /* PBXTargetDependency */,
			);
			name = ToDoAppUITests;
			productName = ToDoAppUITests;
			productReference = 3E0E35F923F6CCB8008BD114 /* ToDoAppUITests.xctest */;
			productType = "com.apple.product-type.bundle.ui-testing";
		};
/* End PBXNativeTarget section */

/* Begin PBXProject section */
		3E0E35D223F6CCB5008BD114 /* Project object */ = {
			isa = PBXProject;
			attributes = {
				LastSwiftUpdateCheck = 1020;
				LastUpgradeCheck = 1020;
				ORGANIZATIONNAME = Rasheed;
				TargetAttributes = {
					3E0E35D923F6CCB5008BD114 = {
						CreatedOnToolsVersion = 10.2;
					};
					3E0E35ED23F6CCB8008BD114 = {
						CreatedOnToolsVersion = 10.2;
						TestTargetID = 3E0E35D923F6CCB5008BD114;
					};
					3E0E35F823F6CCB8008BD114 = {
						CreatedOnToolsVersion = 10.2;
						TestTargetID = 3E0E35D923F6CCB5008BD114;
					};
				};
			};
			buildConfigurationList = 3E0E35D523F6CCB5008BD114 /* Build configuration list for PBXProject "ToDoApp" */;
			compatibilityVersion = "Xcode 9.3";
			developmentRegion = en;
			hasScannedForEncodings = 0;
			knownRegions = (
				en,
				Base,
			);
			mainGroup = 3E0E35D123F6CCB5008BD114;
			productRefGroup = 3E0E35DB23F6CCB5008BD114 /* Products */;
			projectDirPath = "";
			projectRoot = "";
			targets = (
				3E0E35D923F6CCB5008BD114 /* ToDoApp */,
				3E0E35ED23F6CCB8008BD114 /* ToDoAppTests */,
				3E0E35F823F6CCB8008BD114 /* ToDoAppUITests */,
			);
		};
/* End PBXProject section */

/* Begin PBXResourcesBuildPhase section */
		3E0E35D823F6CCB5008BD114 /* Resources */ = {
			isa = PBXResourcesBuildPhase;
			buildActionMask = 2147483647;
			files = (
				3E0E35E823F6CCB7008BD114 /* LaunchScreen.storyboard in Resources */,
				3E0E35E523F6CCB7008BD114 /* Assets.xcassets in Resources */,
				3E0E35E323F6CCB5008BD114 /* Main.storyboard in Resources */,
			);
			runOnlyForDeploymentPostprocessing = 0;
		};
		3E0E35EC23F6CCB8008BD114 /* Resources */ = {
			isa = PBXResourcesBuildPhase;
			buildActionMask = 2147483647;
			files = (
			);
			runOnlyForDeploymentPostprocessing = 0;
		};
		3E0E35F723F6CCB8008BD114 /* Resources */ = {
			isa = PBXResourcesBuildPhase;
			buildActionMask = 2147483647;
			files = (
			);
			runOnlyForDeploymentPostprocessing = 0;
		};
/* End PBXResourcesBuildPhase section */

/* Begin PBXSourcesBuildPhase section */
		3E0E35D623F6CCB5008BD114 /* Sources */ = {
			isa = PBXSourcesBuildPhase;
			buildActionMask = 2147483647;
			files = (
				3EA6ABDB23FC44600044F848 /* MyToDo.swift in Sources */,
				3E0E35E023F6CCB5008BD114 /* ViewController.swift in Sources */,
				3E0E35DE23F6CCB5008BD114 /* AppDelegate.swift in Sources */,
			);
			runOnlyForDeploymentPostprocessing = 0;
		};
		3E0E35EA23F6CCB8008BD114 /* Sources */ = {
			isa = PBXSourcesBuildPhase;
			buildActionMask = 2147483647;
			files = (
				3E0E35F323F6CCB8008BD114 /* ToDoAppTests.swift in Sources */,
			);
			runOnlyForDeploymentPostprocessing = 0;
		};
		3E0E35F523F6CCB8008BD114 /* Sources */ = {
			isa = PBXSourcesBuildPhase;
			buildActionMask = 2147483647;
			files = (
				3E0E35FE23F6CCB8008BD114 /* ToDoAppUITests.swift in Sources */,
			);
			runOnlyForDeploymentPostprocessing = 0;
		};
/* End PBXSourcesBuildPhase section */

/* Begin PBXTargetDependency section */
		3E0E35F023F6CCB8008BD114 /* PBXTargetDependency */ = {
			isa = PBXTargetDependency;
			target = 3E0E35D923F6CCB5008BD114 /* ToDoApp */;
			targetProxy = 3E0E35EF23F6CCB8008BD114 /* PBXContainerItemProxy */;
		};
		3E0E35FB23F6CCB8008BD114 /* PBXTargetDependency */ = {
			isa = PBXTargetDependency;
			target = 3E0E35D923F6CCB5008BD114 /* ToDoApp */;
			targetProxy = 3E0E35FA23F6CCB8008BD114 /* PBXContainerItemProxy */;
		};
/* End PBXTargetDependency section */

/* Begin PBXVariantGroup section */
		3E0E35E123F6CCB5008BD114 /* Main.storyboard */ = {
			isa = PBXVariantGroup;
			children = (
				3E0E35E223F6CCB5008BD114 /* Base */,
			);
			name = Main.storyboard;
			sourceTree = "<group>";
		};
		3E0E35E623F6CCB7008BD114 /* LaunchScreen.storyboard */ = {
			isa = PBXVariantGroup;
			children = (
				3E0E35E723F6CCB7008BD114 /* Base */,
			);
			name = LaunchScreen.storyboard;
			sourceTree = "<group>";
		};
/* End PBXVariantGroup section */

/* Begin XCBuildConfiguration section */
		3E0E360023F6CCB8008BD114 /* Debug */ = {
			isa = XCBuildConfiguration;
			buildSettings = {
				ALWAYS_SEARCH_USER_PATHS = NO;
				CLANG_ANALYZER_NONNULL = YES;
				CLANG_ANALYZER_NUMBER_OBJECT_CONVERSION = YES_AGGRESSIVE;
				CLANG_CXX_LANGUAGE_STANDARD = "gnu++14";
				CLANG_CXX_LIBRARY = "libc++";
				CLANG_ENABLE_MODULES = YES;
				CLANG_ENABLE_OBJC_ARC = YES;
				CLANG_ENABLE_OBJC_WEAK = YES;
				CLANG_WARN_BLOCK_CAPTURE_AUTORELEASING = YES;
				CLANG_WARN_BOOL_CONVERSION = YES;
				CLANG_WARN_COMMA = YES;
				CLANG_WARN_CONSTANT_CONVERSION = YES;
				CLANG_WARN_DEPRECATED_OBJC_IMPLEMENTATIONS = YES;
				CLANG_WARN_DIRECT_OBJC_ISA_USAGE = YES_ERROR;
				CLANG_WARN_DOCUMENTATION_COMMENTS = YES;
				CLANG_WARN_EMPTY_BODY = YES;
				CLANG_WARN_ENUM_CONVERSION = YES;
				CLANG_WARN_INFINITE_RECURSION = YES;
				CLANG_WARN_INT_CONVERSION = YES;
				CLANG_WARN_NON_LITERAL_NULL_CONVERSION = YES;
				CLANG_WARN_OBJC_IMPLICIT_RETAIN_SELF = YES;
				CLANG_WARN_OBJC_LITERAL_CONVERSION = YES;
				CLANG_WARN_OBJC_ROOT_CLASS = YES_ERROR;
				CLANG_WARN_RANGE_LOOP_ANALYSIS = YES;
				CLANG_WARN_STRICT_PROTOTYPES = YES;
				CLANG_WARN_SUSPICIOUS_MOVE = YES;
				CLANG_WARN_UNGUARDED_AVAILABILITY = YES_AGGRESSIVE;
				CLANG_WARN_UNREACHABLE_CODE = YES;
				CLANG_WARN__DUPLICATE_METHOD_MATCH = YES;
				CODE_SIGN_IDENTITY = "iPhone Developer";
				COPY_PHASE_STRIP = NO;
				DEBUG_INFORMATION_FORMAT = dwarf;
				ENABLE_STRICT_OBJC_MSGSEND = YES;
				ENABLE_TESTABILITY = YES;
				GCC_C_LANGUAGE_STANDARD = gnu11;
				GCC_DYNAMIC_NO_PIC = NO;
				GCC_NO_COMMON_BLOCKS = YES;
				GCC_OPTIMIZATION_LEVEL = 0;
				GCC_PREPROCESSOR_DEFINITIONS = (
					"DEBUG=1",
					"$(inherited)",
				);
				GCC_WARN_64_TO_32_BIT_CONVERSION = YES;
				GCC_WARN_ABOUT_RETURN_TYPE = YES_ERROR;
				GCC_WARN_UNDECLARED_SELECTOR = YES;
				GCC_WARN_UNINITIALIZED_AUTOS = YES_AGGRESSIVE;
				GCC_WARN_UNUSED_FUNCTION = YES;
				GCC_WARN_UNUSED_VARIABLE = YES;
				IPHONEOS_DEPLOYMENT_TARGET = 12.2;
				MTL_ENABLE_DEBUG_INFO = INCLUDE_SOURCE;
				MTL_FAST_MATH = YES;
				ONLY_ACTIVE_ARCH = YES;
				SDKROOT = iphoneos;
				SWIFT_ACTIVE_COMPILATION_CONDITIONS = DEBUG;
				SWIFT_OPTIMIZATION_LEVEL = "-Onone";
			};
			name = Debug;
		};
		3E0E360123F6CCB8008BD114 /* Release */ = {
			isa = XCBuildConfiguration;
			buildSettings = {
				ALWAYS_SEARCH_USER_PATHS = NO;
				CLANG_ANALYZER_NONNULL = YES;
				CLANG_ANALYZER_NUMBER_OBJECT_CONVERSION = YES_AGGRESSIVE;
				CLANG_CXX_LANGUAGE_STANDARD = "gnu++14";
				CLANG_CXX_LIBRARY = "libc++";
				CLANG_ENABLE_MODULES = YES;
				CLANG_ENABLE_OBJC_ARC = YES;
				CLANG_ENABLE_OBJC_WEAK = YES;
				CLANG_WARN_BLOCK_CAPTURE_AUTORELEASING = YES;
				CLANG_WARN_BOOL_CONVERSION = YES;
				CLANG_WARN_COMMA = YES;
				CLANG_WARN_CONSTANT_CONVERSION = YES;
				CLANG_WARN_DEPRECATED_OBJC_IMPLEMENTATIONS = YES;
				CLANG_WARN_DIRECT_OBJC_ISA_USAGE = YES_ERROR;
				CLANG_WARN_DOCUMENTATION_COMMENTS = YES;
				CLANG_WARN_EMPTY_BODY = YES;
				CLANG_WARN_ENUM_CONVERSION = YES;
				CLANG_WARN_INFINITE_RECURSION = YES;
				CLANG_WARN_INT_CONVERSION = YES;
				CLANG_WARN_NON_LITERAL_NULL_CONVERSION = YES;
				CLANG_WARN_OBJC_IMPLICIT_RETAIN_SELF = YES;
				CLANG_WARN_OBJC_LITERAL_CONVERSION = YES;
				CLANG_WARN_OBJC_ROOT_CLASS = YES_ERROR;
				CLANG_WARN_RANGE_LOOP_ANALYSIS = YES;
				CLANG_WARN_STRICT_PROTOTYPES = YES;
				CLANG_WARN_SUSPICIOUS_MOVE = YES;
				CLANG_WARN_UNGUARDED_AVAILABILITY = YES_AGGRESSIVE;
				CLANG_WARN_UNREACHABLE_CODE = YES;
				CLANG_WARN__DUPLICATE_METHOD_MATCH = YES;
				CODE_SIGN_IDENTITY = "iPhone Developer";
				COPY_PHASE_STRIP = NO;
				DEBUG_INFORMATION_FORMAT = "dwarf-with-dsym";
				ENABLE_NS_ASSERTIONS = NO;
				ENABLE_STRICT_OBJC_MSGSEND = YES;
				GCC_C_LANGUAGE_STANDARD = gnu11;
				GCC_NO_COMMON_BLOCKS = YES;
				GCC_WARN_64_TO_32_BIT_CONVERSION = YES;
				GCC_WARN_ABOUT_RETURN_TYPE = YES_ERROR;
				GCC_WARN_UNDECLARED_SELECTOR = YES;
				GCC_WARN_UNINITIALIZED_AUTOS = YES_AGGRESSIVE;
				GCC_WARN_UNUSED_FUNCTION = YES;
				GCC_WARN_UNUSED_VARIABLE = YES;
				IPHONEOS_DEPLOYMENT_TARGET = 12.2;
				MTL_ENABLE_DEBUG_INFO = NO;
				MTL_FAST_MATH = YES;
				SDKROOT = iphoneos;
				SWIFT_COMPILATION_MODE = wholemodule;
				SWIFT_OPTIMIZATION_LEVEL = "-O";
				VALIDATE_PRODUCT = YES;
			};
			name = Release;
		};
		3E0E360323F6CCB8008BD114 /* Debug */ = {
			isa = XCBuildConfiguration;
			buildSettings = {
				ASSETCATALOG_COMPILER_APPICON_NAME = AppIcon;
				CODE_SIGN_STYLE = Automatic;
				DEVELOPMENT_TEAM = SR8KD27L85;
				INFOPLIST_FILE = ToDoApp/Info.plist;
				LD_RUNPATH_SEARCH_PATHS = (
					"$(inherited)",
					"@executable_path/Frameworks",
				);
				PRODUCT_BUNDLE_IDENTIFIER = Rasheed.ToDoApp;
				PRODUCT_NAME = "$(TARGET_NAME)";
				SWIFT_VERSION = 5.0;
				TARGETED_DEVICE_FAMILY = "1,2";
			};
			name = Debug;
		};
		3E0E360423F6CCB8008BD114 /* Release */ = {
			isa = XCBuildConfiguration;
			buildSettings = {
				ASSETCATALOG_COMPILER_APPICON_NAME = AppIcon;
				CODE_SIGN_STYLE = Automatic;
				DEVELOPMENT_TEAM = SR8KD27L85;
				INFOPLIST_FILE = ToDoApp/Info.plist;
				LD_RUNPATH_SEARCH_PATHS = (
					"$(inherited)",
					"@executable_path/Frameworks",
				);
				PRODUCT_BUNDLE_IDENTIFIER = Rasheed.ToDoApp;
				PRODUCT_NAME = "$(TARGET_NAME)";
				SWIFT_VERSION = 5.0;
				TARGETED_DEVICE_FAMILY = "1,2";
			};
			name = Release;
		};
		3E0E360623F6CCB8008BD114 /* Debug */ = {
			isa = XCBuildConfiguration;
			buildSettings = {
				ALWAYS_EMBED_SWIFT_STANDARD_LIBRARIES = YES;
				BUNDLE_LOADER = "$(TEST_HOST)";
				CODE_SIGN_STYLE = Automatic;
				DEVELOPMENT_TEAM = SR8KD27L85;
				INFOPLIST_FILE = ToDoAppTests/Info.plist;
				LD_RUNPATH_SEARCH_PATHS = (
					"$(inherited)",
					"@executable_path/Frameworks",
					"@loader_path/Frameworks",
				);
				PRODUCT_BUNDLE_IDENTIFIER = Rasheed.ToDoAppTests;
				PRODUCT_NAME = "$(TARGET_NAME)";
				SWIFT_VERSION = 5.0;
				TARGETED_DEVICE_FAMILY = "1,2";
				TEST_HOST = "$(BUILT_PRODUCTS_DIR)/ToDoApp.app/ToDoApp";
			};
			name = Debug;
		};
		3E0E360723F6CCB8008BD114 /* Release */ = {
			isa = XCBuildConfiguration;
			buildSettings = {
				ALWAYS_EMBED_SWIFT_STANDARD_LIBRARIES = YES;
				BUNDLE_LOADER = "$(TEST_HOST)";
				CODE_SIGN_STYLE = Automatic;
				DEVELOPMENT_TEAM = SR8KD27L85;
				INFOPLIST_FILE = ToDoAppTests/Info.plist;
				LD_RUNPATH_SEARCH_PATHS = (
					"$(inherited)",
					"@executable_path/Frameworks",
					"@loader_path/Frameworks",
				);
				PRODUCT_BUNDLE_IDENTIFIER = Rasheed.ToDoAppTests;
				PRODUCT_NAME = "$(TARGET_NAME)";
				SWIFT_VERSION = 5.0;
				TARGETED_DEVICE_FAMILY = "1,2";
				TEST_HOST = "$(BUILT_PRODUCTS_DIR)/ToDoApp.app/ToDoApp";
			};
			name = Release;
		};
		3E0E360923F6CCB8008BD114 /* Debug */ = {
			isa = XCBuildConfiguration;
			buildSettings = {
				ALWAYS_EMBED_SWIFT_STANDARD_LIBRARIES = YES;
				CODE_SIGN_STYLE = Automatic;
				DEVELOPMENT_TEAM = SR8KD27L85;
				INFOPLIST_FILE = ToDoAppUITests/Info.plist;
				LD_RUNPATH_SEARCH_PATHS = (
					"$(inherited)",
					"@executable_path/Frameworks",
					"@loader_path/Frameworks",
				);
				PRODUCT_BUNDLE_IDENTIFIER = Rasheed.ToDoAppUITests;
				PRODUCT_NAME = "$(TARGET_NAME)";
				SWIFT_VERSION = 5.0;
				TARGETED_DEVICE_FAMILY = "1,2";
				TEST_TARGET_NAME = ToDoApp;
			};
			name = Debug;
		};
		3E0E360A23F6CCB8008BD114 /* Release */ = {
			isa = XCBuildConfiguration;
			buildSettings = {
				ALWAYS_EMBED_SWIFT_STANDARD_LIBRARIES = YES;
				CODE_SIGN_STYLE = Automatic;
				DEVELOPMENT_TEAM = SR8KD27L85;
				INFOPLIST_FILE = ToDoAppUITests/Info.plist;
				LD_RUNPATH_SEARCH_PATHS = (
					"$(inherited)",
					"@executable_path/Frameworks",
					"@loader_path/Frameworks",
				);
				PRODUCT_BUNDLE_IDENTIFIER = Rasheed.ToDoAppUITests;
				PRODUCT_NAME = "$(TARGET_NAME)";
				SWIFT_VERSION = 5.0;
				TARGETED_DEVICE_FAMILY = "1,2";
				TEST_TARGET_NAME = ToDoApp;
			};
			name = Release;
		};
/* End XCBuildConfiguration section */

/* Begin XCConfigurationList section */
		3E0E35D523F6CCB5008BD114 /* Build configuration list for PBXProject "ToDoApp" */ = {
			isa = XCConfigurationList;
			buildConfigurations = (
				3E0E360023F6CCB8008BD114 /* Debug */,
				3E0E360123F6CCB8008BD114 /* Release */,
			);
			defaultConfigurationIsVisible = 0;
			defaultConfigurationName = Release;
		};
		3E0E360223F6CCB8008BD114 /* Build configuration list for PBXNativeTarget "ToDoApp" */ = {
			isa = XCConfigurationList;
			buildConfigurations = (
				3E0E360323F6CCB8008BD114 /* Debug */,
				3E0E360423F6CCB8008BD114 /* Release */,
			);
			defaultConfigurationIsVisible = 0;
			defaultConfigurationName = Release;
		};
		3E0E360523F6CCB8008BD114 /* Build configuration list for PBXNativeTarget "ToDoAppTests" */ = {
			isa = XCConfigurationList;
			buildConfigurations = (
				3E0E360623F6CCB8008BD114 /* Debug */,
				3E0E360723F6CCB8008BD114 /* Release */,
			);
			defaultConfigurationIsVisible = 0;
			defaultConfigurationName = Release;
		};
		3E0E360823F6CCB8008BD114 /* Build configuration list for PBXNativeTarget "ToDoAppUITests" */ = {
			isa = XCConfigurationList;
			buildConfigurations = (
				3E0E360923F6CCB8008BD114 /* Debug */,
				3E0E360A23F6CCB8008BD114 /* Release */,
			);
			defaultConfigurationIsVisible = 0;
			defaultConfigurationName = Release;
		};
/* End XCConfigurationList section */
	};
	rootObject = 3E0E35D223F6CCB5008BD114 /* Project object */;
}
